// !$*UTF8*$!
{
	archiveVersion = 1;
	classes = {
	};
	objectVersion = 46;
	objects = {

/* Begin PBXAggregateTarget section */
		B54883D41A87D4AB009F8247 /* Build Combined Framework */ = {
			isa = PBXAggregateTarget;
			buildConfigurationList = B54883D51A87D4AB009F8247 /* Build configuration list for PBXAggregateTarget "Build Combined Framework" */;
			buildPhases = (
				B54883D81A87D4B3009F8247 /* ShellScript */,
			);
			dependencies = (
			);
			name = "Build Combined Framework";
			productName = "Build Combined Framework";
		};
/* End PBXAggregateTarget section */

/* Begin PBXBuildFile section */
		B54883271A86E792009F8247 /* main.m in Sources */ = {isa = PBXBuildFile; fileRef = B54883261A86E792009F8247 /* main.m */; };
		B54883301A86E792009F8247 /* Main.storyboard in Resources */ = {isa = PBXBuildFile; fileRef = B548832E1A86E792009F8247 /* Main.storyboard */; };
		B54883321A86E792009F8247 /* Images.xcassets in Resources */ = {isa = PBXBuildFile; fileRef = B54883311A86E792009F8247 /* Images.xcassets */; };
		B54883351A86E792009F8247 /* LaunchScreen.xib in Resources */ = {isa = PBXBuildFile; fileRef = B54883331A86E792009F8247 /* LaunchScreen.xib */; };
		B548834F1A86ED38009F8247 /* WS_AppDelegate.m in Sources */ = {isa = PBXBuildFile; fileRef = B548834C1A86ED38009F8247 /* WS_AppDelegate.m */; };
		B54883501A86ED38009F8247 /* WS_ViewController.m in Sources */ = {isa = PBXBuildFile; fileRef = B548834E1A86ED38009F8247 /* WS_ViewController.m */; };
		B54883801A86F32B009F8247 /* WatchSimKit.h in Headers */ = {isa = PBXBuildFile; fileRef = B548837F1A86F32B009F8247 /* WatchSimKit.h */; settings = {ATTRIBUTES = (Public, ); }; };
		B54883921A86F32B009F8247 /* WatchSimKit.framework in Frameworks */ = {isa = PBXBuildFile; fileRef = B548837B1A86F32B009F8247 /* WatchSimKit.framework */; };
		B54883931A86F32B009F8247 /* WatchSimKit.framework in Embed Frameworks */ = {isa = PBXBuildFile; fileRef = B548837B1A86F32B009F8247 /* WatchSimKit.framework */; settings = {ATTRIBUTES = (CodeSignOnCopy, RemoveHeadersOnCopy, ); }; };
		B54883B41A86F380009F8247 /* UIColor+Additions.h in Headers */ = {isa = PBXBuildFile; fileRef = B548839B1A86F380009F8247 /* UIColor+Additions.h */; };
		B54883B51A86F380009F8247 /* UIColor+Additions.m in Sources */ = {isa = PBXBuildFile; fileRef = B548839C1A86F380009F8247 /* UIColor+Additions.m */; };
		B54883B61A86F380009F8247 /* WK_InterfaceButton.h in Headers */ = {isa = PBXBuildFile; fileRef = B548839E1A86F380009F8247 /* WK_InterfaceButton.h */; };
		B54883B71A86F380009F8247 /* WK_InterfaceButton.m in Sources */ = {isa = PBXBuildFile; fileRef = B548839F1A86F380009F8247 /* WK_InterfaceButton.m */; };
		B54883B81A86F380009F8247 /* WK_InterfaceGroup.h in Headers */ = {isa = PBXBuildFile; fileRef = B54883A01A86F380009F8247 /* WK_InterfaceGroup.h */; };
		B54883B91A86F380009F8247 /* WK_InterfaceGroup.m in Sources */ = {isa = PBXBuildFile; fileRef = B54883A11A86F380009F8247 /* WK_InterfaceGroup.m */; };
		B54883BA1A86F380009F8247 /* WK_InterfaceImage.h in Headers */ = {isa = PBXBuildFile; fileRef = B54883A21A86F380009F8247 /* WK_InterfaceImage.h */; };
		B54883BB1A86F380009F8247 /* WK_InterfaceImage.m in Sources */ = {isa = PBXBuildFile; fileRef = B54883A31A86F380009F8247 /* WK_InterfaceImage.m */; };
		B54883BC1A86F380009F8247 /* WK_InterfaceLabel.h in Headers */ = {isa = PBXBuildFile; fileRef = B54883A41A86F380009F8247 /* WK_InterfaceLabel.h */; };
		B54883BD1A86F380009F8247 /* WK_InterfaceLabel.m in Sources */ = {isa = PBXBuildFile; fileRef = B54883A51A86F380009F8247 /* WK_InterfaceLabel.m */; };
		B54883BE1A86F380009F8247 /* WK_InterfaceObject.h in Headers */ = {isa = PBXBuildFile; fileRef = B54883A61A86F380009F8247 /* WK_InterfaceObject.h */; };
		B54883BF1A86F380009F8247 /* WK_InterfaceObject.m in Sources */ = {isa = PBXBuildFile; fileRef = B54883A71A86F380009F8247 /* WK_InterfaceObject.m */; };
		B54883C01A86F380009F8247 /* WK_InterfaceSeparator.h in Headers */ = {isa = PBXBuildFile; fileRef = B54883A81A86F380009F8247 /* WK_InterfaceSeparator.h */; };
		B54883C11A86F380009F8247 /* WK_InterfaceSeparator.m in Sources */ = {isa = PBXBuildFile; fileRef = B54883A91A86F380009F8247 /* WK_InterfaceSeparator.m */; };
		B54883C21A86F380009F8247 /* WK_InterfaceStatusBar.h in Headers */ = {isa = PBXBuildFile; fileRef = B54883AA1A86F380009F8247 /* WK_InterfaceStatusBar.h */; };
		B54883C31A86F380009F8247 /* WK_InterfaceStatusBar.m in Sources */ = {isa = PBXBuildFile; fileRef = B54883AB1A86F380009F8247 /* WK_InterfaceStatusBar.m */; };
		B54883C41A86F380009F8247 /* WK_InterfaceController.h in Headers */ = {isa = PBXBuildFile; fileRef = B54883AC1A86F380009F8247 /* WK_InterfaceController.h */; settings = {ATTRIBUTES = (Public, ); }; };
		B54883C51A86F380009F8247 /* WK_InterfaceController.m in Sources */ = {isa = PBXBuildFile; fileRef = B54883AD1A86F380009F8247 /* WK_InterfaceController.m */; };
		B54883C61A86F380009F8247 /* WK_InterfaceProfile.h in Headers */ = {isa = PBXBuildFile; fileRef = B54883AE1A86F380009F8247 /* WK_InterfaceProfile.h */; };
		B54883C71A86F380009F8247 /* WK_InterfaceProfile.m in Sources */ = {isa = PBXBuildFile; fileRef = B54883AF1A86F380009F8247 /* WK_InterfaceProfile.m */; };
		B54883C81A86F380009F8247 /* WK_Storyboard.h in Headers */ = {isa = PBXBuildFile; fileRef = B54883B01A86F380009F8247 /* WK_Storyboard.h */; settings = {ATTRIBUTES = (Public, ); }; };
		B54883C91A86F380009F8247 /* WK_Storyboard.m in Sources */ = {isa = PBXBuildFile; fileRef = B54883B11A86F380009F8247 /* WK_Storyboard.m */; };
		B555B4B71A8BD50A00B9DBF5 /* WK_NavigationController.h in Headers */ = {isa = PBXBuildFile; fileRef = B555B4B51A8BD50A00B9DBF5 /* WK_NavigationController.h */; settings = {ATTRIBUTES = (Public, ); }; };
		B555B4B81A8BD50A00B9DBF5 /* WK_NavigationController.m in Sources */ = {isa = PBXBuildFile; fileRef = B555B4B61A8BD50A00B9DBF5 /* WK_NavigationController.m */; };
		B5CA71A51A8A945C0038C484 /* WK_SimViewController.h in Headers */ = {isa = PBXBuildFile; fileRef = B5CA71A21A8A945C0038C484 /* WK_SimViewController.h */; settings = {ATTRIBUTES = (Public, ); }; };
		B5CA71A61A8A945C0038C484 /* WK_SimViewController.m in Sources */ = {isa = PBXBuildFile; fileRef = B5CA71A31A8A945C0038C484 /* WK_SimViewController.m */; };
		B5CA71A81A8AA2CC0038C484 /* WatchKit.xcassets in Resources */ = {isa = PBXBuildFile; fileRef = B5CA71A01A8A93A40038C484 /* WatchKit.xcassets */; };
		B5CA71A91A8AA2FF0038C484 /* WK_SimViewController.xib in Resources */ = {isa = PBXBuildFile; fileRef = B5CA71A41A8A945C0038C484 /* WK_SimViewController.xib */; };
		B5DD7D011A919810009CD91A /* WatchSim WatchKit Extension.appex in Embed App Extensions */ = {isa = PBXBuildFile; fileRef = B5F115FB1A9197B1004BB268 /* WatchSim WatchKit Extension.appex */; settings = {ATTRIBUTES = (RemoveHeadersOnCopy, ); }; };
		B5F116001A9197B1004BB268 /* InterfaceController.swift in Sources */ = {isa = PBXBuildFile; fileRef = B5F115FF1A9197B1004BB268 /* InterfaceController.swift */; };
		B5F116021A9197B1004BB268 /* Images.xcassets in Resources */ = {isa = PBXBuildFile; fileRef = B5F116011A9197B1004BB268 /* Images.xcassets */; };
		B5F116061A9197B1004BB268 /* WatchSim WatchKit App.app in Resources */ = {isa = PBXBuildFile; fileRef = B5F116051A9197B1004BB268 /* WatchSim WatchKit App.app */; };
		B5F1160E1A9197B1004BB268 /* Interface.storyboard in Resources */ = {isa = PBXBuildFile; fileRef = B5F1160C1A9197B1004BB268 /* Interface.storyboard */; };
		B5F116101A9197B1004BB268 /* Images.xcassets in Resources */ = {isa = PBXBuildFile; fileRef = B5F1160F1A9197B1004BB268 /* Images.xcassets */; };
/* End PBXBuildFile section */

/* Begin PBXContainerItemProxy section */
		B54883901A86F32B009F8247 /* PBXContainerItemProxy */ = {
			isa = PBXContainerItemProxy;
			containerPortal = B54883191A86E792009F8247 /* Project object */;
			proxyType = 1;
			remoteGlobalIDString = B548837A1A86F32B009F8247;
			remoteInfo = WatchSimKit;
		};
		B5F116071A9197B1004BB268 /* PBXContainerItemProxy */ = {
			isa = PBXContainerItemProxy;
			containerPortal = B54883191A86E792009F8247 /* Project object */;
			proxyType = 1;
			remoteGlobalIDString = B5F116041A9197B1004BB268;
			remoteInfo = "WatchSim WatchKit App";
		};
		B5F116111A9197B1004BB268 /* PBXContainerItemProxy */ = {
			isa = PBXContainerItemProxy;
			containerPortal = B54883191A86E792009F8247 /* Project object */;
			proxyType = 1;
			remoteGlobalIDString = B5F115FA1A9197B1004BB268;
			remoteInfo = "WatchSim WatchKit Extension";
		};
/* End PBXContainerItemProxy section */

/* Begin PBXCopyFilesBuildPhase section */
		B53C6B921A8BA35800154CB4 /* Embed App Extensions */ = {
			isa = PBXCopyFilesBuildPhase;
			buildActionMask = 2147483647;
			dstPath = "";
			dstSubfolderSpec = 13;
			files = (
				B5DD7D011A919810009CD91A /* WatchSim WatchKit Extension.appex in Embed App Extensions */,
			);
			name = "Embed App Extensions";
			runOnlyForDeploymentPostprocessing = 0;
		};
		B54883721A86F047009F8247 /* Embed Frameworks */ = {
			isa = PBXCopyFilesBuildPhase;
			buildActionMask = 2147483647;
			dstPath = "";
			dstSubfolderSpec = 10;
			files = (
				B54883931A86F32B009F8247 /* WatchSimKit.framework in Embed Frameworks */,
			);
			name = "Embed Frameworks";
			runOnlyForDeploymentPostprocessing = 0;
		};
/* End PBXCopyFilesBuildPhase section */

/* Begin PBXFileReference section */
		B54883211A86E792009F8247 /* WatchSim.app */ = {isa = PBXFileReference; explicitFileType = wrapper.application; includeInIndex = 0; path = WatchSim.app; sourceTree = BUILT_PRODUCTS_DIR; };
		B54883251A86E792009F8247 /* Info.plist */ = {isa = PBXFileReference; lastKnownFileType = text.plist.xml; name = Info.plist; path = Rsc/Info.plist; sourceTree = "<group>"; };
		B54883261A86E792009F8247 /* main.m */ = {isa = PBXFileReference; lastKnownFileType = sourcecode.c.objc; name = main.m; path = Src/main.m; sourceTree = "<group>"; };
		B548832F1A86E792009F8247 /* Base */ = {isa = PBXFileReference; lastKnownFileType = file.storyboard; name = Base; path = Base.lproj/Main.storyboard; sourceTree = "<group>"; };
		B54883311A86E792009F8247 /* Images.xcassets */ = {isa = PBXFileReference; lastKnownFileType = folder.assetcatalog; name = Images.xcassets; path = Rsc/Images.xcassets; sourceTree = "<group>"; };
		B54883341A86E792009F8247 /* Base */ = {isa = PBXFileReference; lastKnownFileType = file.xib; name = Base; path = Base.lproj/LaunchScreen.xib; sourceTree = "<group>"; };
		B548834B1A86ED38009F8247 /* WS_AppDelegate.h */ = {isa = PBXFileReference; fileEncoding = 4; lastKnownFileType = sourcecode.c.h; path = WS_AppDelegate.h; sourceTree = "<group>"; };
		B548834C1A86ED38009F8247 /* WS_AppDelegate.m */ = {isa = PBXFileReference; fileEncoding = 4; lastKnownFileType = sourcecode.c.objc; path = WS_AppDelegate.m; sourceTree = "<group>"; };
		B548834D1A86ED38009F8247 /* WS_ViewController.h */ = {isa = PBXFileReference; fileEncoding = 4; lastKnownFileType = sourcecode.c.h; path = WS_ViewController.h; sourceTree = "<group>"; };
		B548834E1A86ED38009F8247 /* WS_ViewController.m */ = {isa = PBXFileReference; fileEncoding = 4; lastKnownFileType = sourcecode.c.objc; path = WS_ViewController.m; sourceTree = "<group>"; };
		B548837B1A86F32B009F8247 /* WatchSimKit.framework */ = {isa = PBXFileReference; explicitFileType = wrapper.framework; includeInIndex = 0; path = WatchSimKit.framework; sourceTree = BUILT_PRODUCTS_DIR; };
		B548837E1A86F32B009F8247 /* Info.plist */ = {isa = PBXFileReference; lastKnownFileType = text.plist.xml; path = Info.plist; sourceTree = "<group>"; };
		B548837F1A86F32B009F8247 /* WatchSimKit.h */ = {isa = PBXFileReference; lastKnownFileType = sourcecode.c.h; path = WatchSimKit.h; sourceTree = "<group>"; };
		B548839B1A86F380009F8247 /* UIColor+Additions.h */ = {isa = PBXFileReference; fileEncoding = 4; lastKnownFileType = sourcecode.c.h; path = "UIColor+Additions.h"; sourceTree = "<group>"; };
		B548839C1A86F380009F8247 /* UIColor+Additions.m */ = {isa = PBXFileReference; fileEncoding = 4; lastKnownFileType = sourcecode.c.objc; path = "UIColor+Additions.m"; sourceTree = "<group>"; };
		B548839E1A86F380009F8247 /* WK_InterfaceButton.h */ = {isa = PBXFileReference; fileEncoding = 4; lastKnownFileType = sourcecode.c.h; path = WK_InterfaceButton.h; sourceTree = "<group>"; };
		B548839F1A86F380009F8247 /* WK_InterfaceButton.m */ = {isa = PBXFileReference; fileEncoding = 4; lastKnownFileType = sourcecode.c.objc; path = WK_InterfaceButton.m; sourceTree = "<group>"; };
		B54883A01A86F380009F8247 /* WK_InterfaceGroup.h */ = {isa = PBXFileReference; fileEncoding = 4; lastKnownFileType = sourcecode.c.h; path = WK_InterfaceGroup.h; sourceTree = "<group>"; };
		B54883A11A86F380009F8247 /* WK_InterfaceGroup.m */ = {isa = PBXFileReference; fileEncoding = 4; lastKnownFileType = sourcecode.c.objc; path = WK_InterfaceGroup.m; sourceTree = "<group>"; };
		B54883A21A86F380009F8247 /* WK_InterfaceImage.h */ = {isa = PBXFileReference; fileEncoding = 4; lastKnownFileType = sourcecode.c.h; path = WK_InterfaceImage.h; sourceTree = "<group>"; };
		B54883A31A86F380009F8247 /* WK_InterfaceImage.m */ = {isa = PBXFileReference; fileEncoding = 4; lastKnownFileType = sourcecode.c.objc; path = WK_InterfaceImage.m; sourceTree = "<group>"; };
		B54883A41A86F380009F8247 /* WK_InterfaceLabel.h */ = {isa = PBXFileReference; fileEncoding = 4; lastKnownFileType = sourcecode.c.h; path = WK_InterfaceLabel.h; sourceTree = "<group>"; };
		B54883A51A86F380009F8247 /* WK_InterfaceLabel.m */ = {isa = PBXFileReference; fileEncoding = 4; lastKnownFileType = sourcecode.c.objc; path = WK_InterfaceLabel.m; sourceTree = "<group>"; };
		B54883A61A86F380009F8247 /* WK_InterfaceObject.h */ = {isa = PBXFileReference; fileEncoding = 4; lastKnownFileType = sourcecode.c.h; path = WK_InterfaceObject.h; sourceTree = "<group>"; };
		B54883A71A86F380009F8247 /* WK_InterfaceObject.m */ = {isa = PBXFileReference; fileEncoding = 4; lastKnownFileType = sourcecode.c.objc; path = WK_InterfaceObject.m; sourceTree = "<group>"; };
		B54883A81A86F380009F8247 /* WK_InterfaceSeparator.h */ = {isa = PBXFileReference; fileEncoding = 4; lastKnownFileType = sourcecode.c.h; path = WK_InterfaceSeparator.h; sourceTree = "<group>"; };
		B54883A91A86F380009F8247 /* WK_InterfaceSeparator.m */ = {isa = PBXFileReference; fileEncoding = 4; lastKnownFileType = sourcecode.c.objc; path = WK_InterfaceSeparator.m; sourceTree = "<group>"; };
		B54883AA1A86F380009F8247 /* WK_InterfaceStatusBar.h */ = {isa = PBXFileReference; fileEncoding = 4; lastKnownFileType = sourcecode.c.h; path = WK_InterfaceStatusBar.h; sourceTree = "<group>"; };
		B54883AB1A86F380009F8247 /* WK_InterfaceStatusBar.m */ = {isa = PBXFileReference; fileEncoding = 4; lastKnownFileType = sourcecode.c.objc; path = WK_InterfaceStatusBar.m; sourceTree = "<group>"; };
		B54883AC1A86F380009F8247 /* WK_InterfaceController.h */ = {isa = PBXFileReference; fileEncoding = 4; lastKnownFileType = sourcecode.c.h; path = WK_InterfaceController.h; sourceTree = "<group>"; };
		B54883AD1A86F380009F8247 /* WK_InterfaceController.m */ = {isa = PBXFileReference; fileEncoding = 4; lastKnownFileType = sourcecode.c.objc; path = WK_InterfaceController.m; sourceTree = "<group>"; };
		B54883AE1A86F380009F8247 /* WK_InterfaceProfile.h */ = {isa = PBXFileReference; fileEncoding = 4; lastKnownFileType = sourcecode.c.h; path = WK_InterfaceProfile.h; sourceTree = "<group>"; };
		B54883AF1A86F380009F8247 /* WK_InterfaceProfile.m */ = {isa = PBXFileReference; fileEncoding = 4; lastKnownFileType = sourcecode.c.objc; path = WK_InterfaceProfile.m; sourceTree = "<group>"; };
		B54883B01A86F380009F8247 /* WK_Storyboard.h */ = {isa = PBXFileReference; fileEncoding = 4; lastKnownFileType = sourcecode.c.h; path = WK_Storyboard.h; sourceTree = "<group>"; };
		B54883B11A86F380009F8247 /* WK_Storyboard.m */ = {isa = PBXFileReference; fileEncoding = 4; lastKnownFileType = sourcecode.c.objc; path = WK_Storyboard.m; sourceTree = "<group>"; };
		B54883D31A87D491009F8247 /* BuildFramework.sh */ = {isa = PBXFileReference; lastKnownFileType = text.script.sh; name = BuildFramework.sh; path = WatchSimKit/BuildFramework.sh; sourceTree = "<group>"; };
		B555B4B51A8BD50A00B9DBF5 /* WK_NavigationController.h */ = {isa = PBXFileReference; fileEncoding = 4; lastKnownFileType = sourcecode.c.h; path = WK_NavigationController.h; sourceTree = "<group>"; };
		B555B4B61A8BD50A00B9DBF5 /* WK_NavigationController.m */ = {isa = PBXFileReference; fileEncoding = 4; lastKnownFileType = sourcecode.c.objc; path = WK_NavigationController.m; sourceTree = "<group>"; };
		B5CA71A01A8A93A40038C484 /* WatchKit.xcassets */ = {isa = PBXFileReference; lastKnownFileType = folder.assetcatalog; name = WatchKit.xcassets; path = WatchSimKit/WatchKit.xcassets; sourceTree = SOURCE_ROOT; };
		B5CA71A21A8A945C0038C484 /* WK_SimViewController.h */ = {isa = PBXFileReference; fileEncoding = 4; lastKnownFileType = sourcecode.c.h; name = WK_SimViewController.h; path = Classes/WK_SimViewController.h; sourceTree = "<group>"; };
		B5CA71A31A8A945C0038C484 /* WK_SimViewController.m */ = {isa = PBXFileReference; fileEncoding = 4; lastKnownFileType = sourcecode.c.objc; name = WK_SimViewController.m; path = Classes/WK_SimViewController.m; sourceTree = "<group>"; };
		B5CA71A41A8A945C0038C484 /* WK_SimViewController.xib */ = {isa = PBXFileReference; fileEncoding = 4; lastKnownFileType = file.xib; name = WK_SimViewController.xib; path = Classes/WK_SimViewController.xib; sourceTree = "<group>"; };
		B5F115FB1A9197B1004BB268 /* WatchSim WatchKit Extension.appex */ = {isa = PBXFileReference; explicitFileType = "wrapper.app-extension"; includeInIndex = 0; path = "WatchSim WatchKit Extension.appex"; sourceTree = BUILT_PRODUCTS_DIR; };
		B5F115FE1A9197B1004BB268 /* Info.plist */ = {isa = PBXFileReference; lastKnownFileType = text.plist.xml; path = Info.plist; sourceTree = "<group>"; };
		B5F115FF1A9197B1004BB268 /* InterfaceController.swift */ = {isa = PBXFileReference; lastKnownFileType = sourcecode.swift; path = InterfaceController.swift; sourceTree = "<group>"; };
		B5F116011A9197B1004BB268 /* Images.xcassets */ = {isa = PBXFileReference; lastKnownFileType = folder.assetcatalog; path = Images.xcassets; sourceTree = "<group>"; };
		B5F116051A9197B1004BB268 /* WatchSim WatchKit App.app */ = {isa = PBXFileReference; explicitFileType = wrapper.application; includeInIndex = 0; path = "WatchSim WatchKit App.app"; sourceTree = BUILT_PRODUCTS_DIR; };
		B5F1160B1A9197B1004BB268 /* Info.plist */ = {isa = PBXFileReference; lastKnownFileType = text.plist.xml; path = Info.plist; sourceTree = "<group>"; };
		B5F1160D1A9197B1004BB268 /* Base */ = {isa = PBXFileReference; lastKnownFileType = file.storyboard; name = Base; path = Base.lproj/Interface.storyboard; sourceTree = "<group>"; };
		B5F1160F1A9197B1004BB268 /* Images.xcassets */ = {isa = PBXFileReference; lastKnownFileType = folder.assetcatalog; path = Images.xcassets; sourceTree = "<group>"; };
/* End PBXFileReference section */

/* Begin PBXFrameworksBuildPhase section */
		B548831E1A86E792009F8247 /* Frameworks */ = {
			isa = PBXFrameworksBuildPhase;
			buildActionMask = 2147483647;
			files = (
				B54883921A86F32B009F8247 /* WatchSimKit.framework in Frameworks */,
			);
			runOnlyForDeploymentPostprocessing = 0;
		};
		B54883771A86F32B009F8247 /* Frameworks */ = {
			isa = PBXFrameworksBuildPhase;
			buildActionMask = 2147483647;
			files = (
			);
			runOnlyForDeploymentPostprocessing = 0;
		};
		B5F115F81A9197B1004BB268 /* Frameworks */ = {
			isa = PBXFrameworksBuildPhase;
			buildActionMask = 2147483647;
			files = (
			);
			runOnlyForDeploymentPostprocessing = 0;
		};
/* End PBXFrameworksBuildPhase section */

/* Begin PBXGroup section */
		B54883181A86E792009F8247 = {
			isa = PBXGroup;
			children = (
				B54883D31A87D491009F8247 /* BuildFramework.sh */,
				B54883231A86E792009F8247 /* WatchSimKit/WatchSimHarness */,
				B548837C1A86F32B009F8247 /* WatchSimKit */,
				B5F115FC1A9197B1004BB268 /* WatchSim WatchKit Extension */,
				B5F116091A9197B1004BB268 /* WatchSim WatchKit App */,
				B54883221A86E792009F8247 /* Products */,
			);
			sourceTree = "<group>";
		};
		B54883221A86E792009F8247 /* Products */ = {
			isa = PBXGroup;
			children = (
				B54883211A86E792009F8247 /* WatchSim.app */,
				B548837B1A86F32B009F8247 /* WatchSimKit.framework */,
				B5F115FB1A9197B1004BB268 /* WatchSim WatchKit Extension.appex */,
				B5F116051A9197B1004BB268 /* WatchSim WatchKit App.app */,
			);
			name = Products;
			sourceTree = "<group>";
		};
		B54883231A86E792009F8247 /* WatchSimKit/WatchSimHarness */ = {
			isa = PBXGroup;
			children = (
				B548834A1A86ED38009F8247 /* Classes */,
				B548832E1A86E792009F8247 /* Main.storyboard */,
				B54883311A86E792009F8247 /* Images.xcassets */,
				B54883331A86E792009F8247 /* LaunchScreen.xib */,
				B54883241A86E792009F8247 /* Supporting Files */,
			);
			path = WatchSimKit/WatchSimHarness;
			sourceTree = "<group>";
		};
		B54883241A86E792009F8247 /* Supporting Files */ = {
			isa = PBXGroup;
			children = (
				B54883251A86E792009F8247 /* Info.plist */,
				B54883261A86E792009F8247 /* main.m */,
			);
			name = "Supporting Files";
			sourceTree = "<group>";
		};
		B548834A1A86ED38009F8247 /* Classes */ = {
			isa = PBXGroup;
			children = (
				B548834B1A86ED38009F8247 /* WS_AppDelegate.h */,
				B548834C1A86ED38009F8247 /* WS_AppDelegate.m */,
				B548834D1A86ED38009F8247 /* WS_ViewController.h */,
				B548834E1A86ED38009F8247 /* WS_ViewController.m */,
			);
			path = Classes;
			sourceTree = "<group>";
		};
		B548837C1A86F32B009F8247 /* WatchSimKit */ = {
			isa = PBXGroup;
			children = (
				B5CA71A01A8A93A40038C484 /* WatchKit.xcassets */,
				B5CA71A21A8A945C0038C484 /* WK_SimViewController.h */,
				B5CA71A31A8A945C0038C484 /* WK_SimViewController.m */,
				B5CA71A41A8A945C0038C484 /* WK_SimViewController.xib */,
				B548837F1A86F32B009F8247 /* WatchSimKit.h */,
				B548839A1A86F380009F8247 /* Classes */,
				B548837D1A86F32B009F8247 /* Supporting Files */,
			);
			path = WatchSimKit;
			sourceTree = "<group>";
		};
		B548837D1A86F32B009F8247 /* Supporting Files */ = {
			isa = PBXGroup;
			children = (
				B548837E1A86F32B009F8247 /* Info.plist */,
			);
			name = "Supporting Files";
			sourceTree = "<group>";
		};
		B548839A1A86F380009F8247 /* Classes */ = {
			isa = PBXGroup;
			children = (
				B548839B1A86F380009F8247 /* UIColor+Additions.h */,
				B548839C1A86F380009F8247 /* UIColor+Additions.m */,
				B548839D1A86F380009F8247 /* WatchKitClasses */,
				B54883AE1A86F380009F8247 /* WK_InterfaceProfile.h */,
				B54883AF1A86F380009F8247 /* WK_InterfaceProfile.m */,
				B54883B01A86F380009F8247 /* WK_Storyboard.h */,
				B54883B11A86F380009F8247 /* WK_Storyboard.m */,
				B555B4B51A8BD50A00B9DBF5 /* WK_NavigationController.h */,
				B555B4B61A8BD50A00B9DBF5 /* WK_NavigationController.m */,
			);
			path = Classes;
			sourceTree = "<group>";
		};
		B548839D1A86F380009F8247 /* WatchKitClasses */ = {
			isa = PBXGroup;
			children = (
				B548839E1A86F380009F8247 /* WK_InterfaceButton.h */,
				B548839F1A86F380009F8247 /* WK_InterfaceButton.m */,
				B54883A01A86F380009F8247 /* WK_InterfaceGroup.h */,
				B54883A11A86F380009F8247 /* WK_InterfaceGroup.m */,
				B54883A21A86F380009F8247 /* WK_InterfaceImage.h */,
				B54883A31A86F380009F8247 /* WK_InterfaceImage.m */,
				B54883A41A86F380009F8247 /* WK_InterfaceLabel.h */,
				B54883A51A86F380009F8247 /* WK_InterfaceLabel.m */,
				B54883A61A86F380009F8247 /* WK_InterfaceObject.h */,
				B54883A71A86F380009F8247 /* WK_InterfaceObject.m */,
				B54883A81A86F380009F8247 /* WK_InterfaceSeparator.h */,
				B54883A91A86F380009F8247 /* WK_InterfaceSeparator.m */,
				B54883AA1A86F380009F8247 /* WK_InterfaceStatusBar.h */,
				B54883AB1A86F380009F8247 /* WK_InterfaceStatusBar.m */,
				B54883AC1A86F380009F8247 /* WK_InterfaceController.h */,
				B54883AD1A86F380009F8247 /* WK_InterfaceController.m */,
			);
			path = WatchKitClasses;
			sourceTree = "<group>";
		};
		B5F115FC1A9197B1004BB268 /* WatchSim WatchKit Extension */ = {
			isa = PBXGroup;
			children = (
				B5F115FF1A9197B1004BB268 /* InterfaceController.swift */,
				B5F116011A9197B1004BB268 /* Images.xcassets */,
				B5F115FD1A9197B1004BB268 /* Supporting Files */,
			);
			path = "WatchSim WatchKit Extension";
			sourceTree = "<group>";
		};
		B5F115FD1A9197B1004BB268 /* Supporting Files */ = {
			isa = PBXGroup;
			children = (
				B5F115FE1A9197B1004BB268 /* Info.plist */,
			);
			name = "Supporting Files";
			sourceTree = "<group>";
		};
		B5F116091A9197B1004BB268 /* WatchSim WatchKit App */ = {
			isa = PBXGroup;
			children = (
				B5F1160C1A9197B1004BB268 /* Interface.storyboard */,
				B5F1160F1A9197B1004BB268 /* Images.xcassets */,
				B5F1160A1A9197B1004BB268 /* Supporting Files */,
			);
			path = "WatchSim WatchKit App";
			sourceTree = "<group>";
		};
		B5F1160A1A9197B1004BB268 /* Supporting Files */ = {
			isa = PBXGroup;
			children = (
				B5F1160B1A9197B1004BB268 /* Info.plist */,
			);
			name = "Supporting Files";
			sourceTree = "<group>";
		};
/* End PBXGroup section */

/* Begin PBXHeadersBuildPhase section */
		B54883781A86F32B009F8247 /* Headers */ = {
			isa = PBXHeadersBuildPhase;
			buildActionMask = 2147483647;
			files = (
				B54883C61A86F380009F8247 /* WK_InterfaceProfile.h in Headers */,
				B54883C41A86F380009F8247 /* WK_InterfaceController.h in Headers */,
				B5CA71A51A8A945C0038C484 /* WK_SimViewController.h in Headers */,
				B555B4B71A8BD50A00B9DBF5 /* WK_NavigationController.h in Headers */,
				B54883C81A86F380009F8247 /* WK_Storyboard.h in Headers */,
				B54883C01A86F380009F8247 /* WK_InterfaceSeparator.h in Headers */,
				B54883BA1A86F380009F8247 /* WK_InterfaceImage.h in Headers */,
				B54883C21A86F380009F8247 /* WK_InterfaceStatusBar.h in Headers */,
				B54883B81A86F380009F8247 /* WK_InterfaceGroup.h in Headers */,
				B54883B61A86F380009F8247 /* WK_InterfaceButton.h in Headers */,
				B54883BC1A86F380009F8247 /* WK_InterfaceLabel.h in Headers */,
				B54883B41A86F380009F8247 /* UIColor+Additions.h in Headers */,
				B54883801A86F32B009F8247 /* WatchSimKit.h in Headers */,
				B54883BE1A86F380009F8247 /* WK_InterfaceObject.h in Headers */,
			);
			runOnlyForDeploymentPostprocessing = 0;
		};
/* End PBXHeadersBuildPhase section */

/* Begin PBXNativeTarget section */
		B54883201A86E792009F8247 /* WatchSimHarness */ = {
			isa = PBXNativeTarget;
			buildConfigurationList = B54883441A86E792009F8247 /* Build configuration list for PBXNativeTarget "WatchSimHarness" */;
			buildPhases = (
				B548831D1A86E792009F8247 /* Sources */,
				B548831E1A86E792009F8247 /* Frameworks */,
				B548831F1A86E792009F8247 /* Resources */,
				B54883721A86F047009F8247 /* Embed Frameworks */,
				B53C6B921A8BA35800154CB4 /* Embed App Extensions */,
			);
			buildRules = (
			);
			dependencies = (
				B54883911A86F32B009F8247 /* PBXTargetDependency */,
				B5F116121A9197B1004BB268 /* PBXTargetDependency */,
			);
			name = WatchSimHarness;
			productName = WatchSimHarness;
			productReference = B54883211A86E792009F8247 /* WatchSim.app */;
			productType = "com.apple.product-type.application";
		};
		B548837A1A86F32B009F8247 /* WatchSimKit */ = {
			isa = PBXNativeTarget;
			buildConfigurationList = B54883941A86F32B009F8247 /* Build configuration list for PBXNativeTarget "WatchSimKit" */;
			buildPhases = (
				B54883761A86F32B009F8247 /* Sources */,
				B54883771A86F32B009F8247 /* Frameworks */,
				B54883781A86F32B009F8247 /* Headers */,
				B54883791A86F32B009F8247 /* Resources */,
			);
			buildRules = (
			);
			dependencies = (
			);
			name = WatchSimKit;
			productName = WatchSimKit;
			productReference = B548837B1A86F32B009F8247 /* WatchSimKit.framework */;
			productType = "com.apple.product-type.framework";
		};
		B5F115FA1A9197B1004BB268 /* WatchSim WatchKit Extension */ = {
			isa = PBXNativeTarget;
			buildConfigurationList = B5F116191A9197B1004BB268 /* Build configuration list for PBXNativeTarget "WatchSim WatchKit Extension" */;
			buildPhases = (
				B5F115F71A9197B1004BB268 /* Sources */,
				B5F115F81A9197B1004BB268 /* Frameworks */,
				B5F115F91A9197B1004BB268 /* Resources */,
			);
			buildRules = (
			);
			dependencies = (
				B5F116081A9197B1004BB268 /* PBXTargetDependency */,
			);
			name = "WatchSim WatchKit Extension";
			productName = "WatchSim WatchKit Extension";
			productReference = B5F115FB1A9197B1004BB268 /* WatchSim WatchKit Extension.appex */;
			productType = "com.apple.product-type.watchkit-extension";
		};
		B5F116041A9197B1004BB268 /* WatchSim WatchKit App */ = {
			isa = PBXNativeTarget;
			buildConfigurationList = B5F116181A9197B1004BB268 /* Build configuration list for PBXNativeTarget "WatchSim WatchKit App" */;
			buildPhases = (
				B5F116031A9197B1004BB268 /* Resources */,
			);
			buildRules = (
			);
			dependencies = (
			);
			name = "WatchSim WatchKit App";
			productName = "WatchSim WatchKit App";
			productReference = B5F116051A9197B1004BB268 /* WatchSim WatchKit App.app */;
			productType = "com.apple.product-type.application.watchapp";
		};
/* End PBXNativeTarget section */

/* Begin PBXProject section */
		B54883191A86E792009F8247 /* Project object */ = {
			isa = PBXProject;
			attributes = {
				LastUpgradeCheck = 0620;
				ORGANIZATIONNAME = "Stand Alone, inc.";
				TargetAttributes = {
					B54883201A86E792009F8247 = {
						CreatedOnToolsVersion = 6.2;
					};
					B548837A1A86F32B009F8247 = {
						CreatedOnToolsVersion = 6.2;
					};
					B54883D41A87D4AB009F8247 = {
						CreatedOnToolsVersion = 6.2;
					};
					B5F115FA1A9197B1004BB268 = {
						CreatedOnToolsVersion = 6.2;
					};
					B5F116041A9197B1004BB268 = {
						CreatedOnToolsVersion = 6.2;
					};
				};
			};
			buildConfigurationList = B548831C1A86E792009F8247 /* Build configuration list for PBXProject "WatchSim" */;
			compatibilityVersion = "Xcode 3.2";
			developmentRegion = English;
			hasScannedForEncodings = 0;
			knownRegions = (
				en,
				Base,
			);
			mainGroup = B54883181A86E792009F8247;
			productRefGroup = B54883221A86E792009F8247 /* Products */;
			projectDirPath = "";
			projectRoot = "";
			targets = (
				B54883201A86E792009F8247 /* WatchSimHarness */,
				B548837A1A86F32B009F8247 /* WatchSimKit */,
				B54883D41A87D4AB009F8247 /* Build Combined Framework */,
				B5F115FA1A9197B1004BB268 /* WatchSim WatchKit Extension */,
				B5F116041A9197B1004BB268 /* WatchSim WatchKit App */,
			);
		};
/* End PBXProject section */

/* Begin PBXResourcesBuildPhase section */
		B548831F1A86E792009F8247 /* Resources */ = {
			isa = PBXResourcesBuildPhase;
			buildActionMask = 2147483647;
			files = (
				B54883301A86E792009F8247 /* Main.storyboard in Resources */,
				B54883351A86E792009F8247 /* LaunchScreen.xib in Resources */,
				B54883321A86E792009F8247 /* Images.xcassets in Resources */,
			);
			runOnlyForDeploymentPostprocessing = 0;
		};
		B54883791A86F32B009F8247 /* Resources */ = {
			isa = PBXResourcesBuildPhase;
			buildActionMask = 2147483647;
			files = (
				B5CA71A91A8AA2FF0038C484 /* WK_SimViewController.xib in Resources */,
				B5CA71A81A8AA2CC0038C484 /* WatchKit.xcassets in Resources */,
			);
			runOnlyForDeploymentPostprocessing = 0;
		};
		B5F115F91A9197B1004BB268 /* Resources */ = {
			isa = PBXResourcesBuildPhase;
			buildActionMask = 2147483647;
			files = (
				B5F116061A9197B1004BB268 /* WatchSim WatchKit App.app in Resources */,
				B5F116021A9197B1004BB268 /* Images.xcassets in Resources */,
			);
			runOnlyForDeploymentPostprocessing = 0;
		};
		B5F116031A9197B1004BB268 /* Resources */ = {
			isa = PBXResourcesBuildPhase;
			buildActionMask = 2147483647;
			files = (
				B5F1160E1A9197B1004BB268 /* Interface.storyboard in Resources */,
				B5F116101A9197B1004BB268 /* Images.xcassets in Resources */,
			);
			runOnlyForDeploymentPostprocessing = 0;
		};
/* End PBXResourcesBuildPhase section */

/* Begin PBXShellScriptBuildPhase section */
		B54883D81A87D4B3009F8247 /* ShellScript */ = {
			isa = PBXShellScriptBuildPhase;
			buildActionMask = 2147483647;
			files = (
			);
			inputPaths = (
			);
			outputPaths = (
			);
			runOnlyForDeploymentPostprocessing = 0;
			shellPath = /bin/sh;
			shellScript = ./WatchSimKit/BuildFramework.sh;
		};
/* End PBXShellScriptBuildPhase section */

/* Begin PBXSourcesBuildPhase section */
		B548831D1A86E792009F8247 /* Sources */ = {
			isa = PBXSourcesBuildPhase;
			buildActionMask = 2147483647;
			files = (
				B548834F1A86ED38009F8247 /* WS_AppDelegate.m in Sources */,
				B54883271A86E792009F8247 /* main.m in Sources */,
				B54883501A86ED38009F8247 /* WS_ViewController.m in Sources */,
			);
			runOnlyForDeploymentPostprocessing = 0;
		};
		B54883761A86F32B009F8247 /* Sources */ = {
			isa = PBXSourcesBuildPhase;
			buildActionMask = 2147483647;
			files = (
				B54883BD1A86F380009F8247 /* WK_InterfaceLabel.m in Sources */,
				B5CA71A61A8A945C0038C484 /* WK_SimViewController.m in Sources */,
				B555B4B81A8BD50A00B9DBF5 /* WK_NavigationController.m in Sources */,
				B54883B51A86F380009F8247 /* UIColor+Additions.m in Sources */,
				B54883BF1A86F380009F8247 /* WK_InterfaceObject.m in Sources */,
				B54883C71A86F380009F8247 /* WK_InterfaceProfile.m in Sources */,
				B54883B91A86F380009F8247 /* WK_InterfaceGroup.m in Sources */,
				B54883B71A86F380009F8247 /* WK_InterfaceButton.m in Sources */,
				B54883C91A86F380009F8247 /* WK_Storyboard.m in Sources */,
				B54883C31A86F380009F8247 /* WK_InterfaceStatusBar.m in Sources */,
				B54883C11A86F380009F8247 /* WK_InterfaceSeparator.m in Sources */,
				B54883BB1A86F380009F8247 /* WK_InterfaceImage.m in Sources */,
				B54883C51A86F380009F8247 /* WK_InterfaceController.m in Sources */,
			);
			runOnlyForDeploymentPostprocessing = 0;
		};
		B5F115F71A9197B1004BB268 /* Sources */ = {
			isa = PBXSourcesBuildPhase;
			buildActionMask = 2147483647;
			files = (
				B5F116001A9197B1004BB268 /* InterfaceController.swift in Sources */,
			);
			runOnlyForDeploymentPostprocessing = 0;
		};
/* End PBXSourcesBuildPhase section */

/* Begin PBXTargetDependency section */
		B54883911A86F32B009F8247 /* PBXTargetDependency */ = {
			isa = PBXTargetDependency;
			target = B548837A1A86F32B009F8247 /* WatchSimKit */;
			targetProxy = B54883901A86F32B009F8247 /* PBXContainerItemProxy */;
		};
		B5F116081A9197B1004BB268 /* PBXTargetDependency */ = {
			isa = PBXTargetDependency;
			target = B5F116041A9197B1004BB268 /* WatchSim WatchKit App */;
			targetProxy = B5F116071A9197B1004BB268 /* PBXContainerItemProxy */;
		};
		B5F116121A9197B1004BB268 /* PBXTargetDependency */ = {
			isa = PBXTargetDependency;
			target = B5F115FA1A9197B1004BB268 /* WatchSim WatchKit Extension */;
			targetProxy = B5F116111A9197B1004BB268 /* PBXContainerItemProxy */;
		};
/* End PBXTargetDependency section */

/* Begin PBXVariantGroup section */
		B548832E1A86E792009F8247 /* Main.storyboard */ = {
			isa = PBXVariantGroup;
			children = (
				B548832F1A86E792009F8247 /* Base */,
			);
			name = Main.storyboard;
			path = Rsc;
			sourceTree = "<group>";
		};
		B54883331A86E792009F8247 /* LaunchScreen.xib */ = {
			isa = PBXVariantGroup;
			children = (
				B54883341A86E792009F8247 /* Base */,
			);
			name = LaunchScreen.xib;
			path = Rsc;
			sourceTree = "<group>";
		};
		B5F1160C1A9197B1004BB268 /* Interface.storyboard */ = {
			isa = PBXVariantGroup;
			children = (
				B5F1160D1A9197B1004BB268 /* Base */,
			);
			name = Interface.storyboard;
			sourceTree = "<group>";
		};
/* End PBXVariantGroup section */

/* Begin XCBuildConfiguration section */
		B54883421A86E792009F8247 /* Debug */ = {
			isa = XCBuildConfiguration;
			buildSettings = {
				ALWAYS_SEARCH_USER_PATHS = NO;
				CLANG_CXX_LANGUAGE_STANDARD = "gnu++0x";
				CLANG_CXX_LIBRARY = "libc++";
				CLANG_ENABLE_MODULES = YES;
				CLANG_ENABLE_OBJC_ARC = YES;
				CLANG_WARN_BOOL_CONVERSION = YES;
				CLANG_WARN_CONSTANT_CONVERSION = YES;
				CLANG_WARN_DIRECT_OBJC_ISA_USAGE = YES_ERROR;
				CLANG_WARN_EMPTY_BODY = YES;
				CLANG_WARN_ENUM_CONVERSION = YES;
				CLANG_WARN_INT_CONVERSION = YES;
				CLANG_WARN_OBJC_ROOT_CLASS = YES_ERROR;
				CLANG_WARN_UNREACHABLE_CODE = YES;
				CLANG_WARN__DUPLICATE_METHOD_MATCH = YES;
				"CODE_SIGN_IDENTITY[sdk=iphoneos*]" = "iPhone Developer";
				COPY_PHASE_STRIP = NO;
				CURRENT_PROJECT_VERSION = 1;
				ENABLE_STRICT_OBJC_MSGSEND = YES;
				GCC_C_LANGUAGE_STANDARD = gnu99;
				GCC_DYNAMIC_NO_PIC = NO;
				GCC_OPTIMIZATION_LEVEL = 0;
				GCC_PREPROCESSOR_DEFINITIONS = (
					"DEBUG=1",
					"$(inherited)",
				);
				GCC_SYMBOLS_PRIVATE_EXTERN = NO;
				GCC_WARN_64_TO_32_BIT_CONVERSION = YES;
				GCC_WARN_ABOUT_RETURN_TYPE = YES_ERROR;
				GCC_WARN_UNDECLARED_SELECTOR = YES;
				GCC_WARN_UNINITIALIZED_AUTOS = YES_AGGRESSIVE;
				GCC_WARN_UNUSED_FUNCTION = YES;
				GCC_WARN_UNUSED_VARIABLE = YES;
				IPHONEOS_DEPLOYMENT_TARGET = 8.1;
				MTL_ENABLE_DEBUG_INFO = YES;
				ONLY_ACTIVE_ARCH = YES;
				OTHER_SWIFT_FLAGS = "-DWATCH_SIM";
				SDKROOT = iphoneos;
				SWIFT_OPTIMIZATION_LEVEL = "-Onone";
				TARGETED_DEVICE_FAMILY = "1,2";
				VERSIONING_SYSTEM = "apple-generic";
				VERSION_INFO_PREFIX = "";
			};
			name = Debug;
		};
		B54883431A86E792009F8247 /* Release */ = {
			isa = XCBuildConfiguration;
			buildSettings = {
				ALWAYS_SEARCH_USER_PATHS = NO;
				CLANG_CXX_LANGUAGE_STANDARD = "gnu++0x";
				CLANG_CXX_LIBRARY = "libc++";
				CLANG_ENABLE_MODULES = YES;
				CLANG_ENABLE_OBJC_ARC = YES;
				CLANG_WARN_BOOL_CONVERSION = YES;
				CLANG_WARN_CONSTANT_CONVERSION = YES;
				CLANG_WARN_DIRECT_OBJC_ISA_USAGE = YES_ERROR;
				CLANG_WARN_EMPTY_BODY = YES;
				CLANG_WARN_ENUM_CONVERSION = YES;
				CLANG_WARN_INT_CONVERSION = YES;
				CLANG_WARN_OBJC_ROOT_CLASS = YES_ERROR;
				CLANG_WARN_UNREACHABLE_CODE = YES;
				CLANG_WARN__DUPLICATE_METHOD_MATCH = YES;
				"CODE_SIGN_IDENTITY[sdk=iphoneos*]" = "iPhone Developer";
				COPY_PHASE_STRIP = NO;
				ENABLE_NS_ASSERTIONS = NO;
				ENABLE_STRICT_OBJC_MSGSEND = YES;
				GCC_C_LANGUAGE_STANDARD = gnu99;
				GCC_WARN_64_TO_32_BIT_CONVERSION = YES;
				GCC_WARN_ABOUT_RETURN_TYPE = YES_ERROR;
				GCC_WARN_UNDECLARED_SELECTOR = YES;
				GCC_WARN_UNINITIALIZED_AUTOS = YES_AGGRESSIVE;
				GCC_WARN_UNUSED_FUNCTION = YES;
				GCC_WARN_UNUSED_VARIABLE = YES;
				IPHONEOS_DEPLOYMENT_TARGET = 8.2;
				MTL_ENABLE_DEBUG_INFO = NO;
				OTHER_SWIFT_FLAGS = "-DWATCH_SIM";
				SDKROOT = iphoneos;
				VALIDATE_PRODUCT = YES;
			};
			name = Release;
		};
		B54883451A86E792009F8247 /* Debug */ = {
			isa = XCBuildConfiguration;
			buildSettings = {
				ASSETCATALOG_COMPILER_APPICON_NAME = AppIcon;
				CODE_SIGN_IDENTITY = "iPhone Developer";
				EMBEDDED_CONTENT_CONTAINS_SWIFT = YES;
				INFOPLIST_FILE = "$(SRCROOT)/WatchSimKit/WatchSimHarness/Rsc/Info.plist";
				LD_RUNPATH_SEARCH_PATHS = "$(inherited) @executable_path/Frameworks";
				PRODUCT_NAME = WatchSim;
			};
			name = Debug;
		};
		B54883461A86E792009F8247 /* Release */ = {
			isa = XCBuildConfiguration;
			buildSettings = {
				ASSETCATALOG_COMPILER_APPICON_NAME = AppIcon;
				CODE_SIGN_IDENTITY = "iPhone Distribution";
				EMBEDDED_CONTENT_CONTAINS_SWIFT = YES;
				INFOPLIST_FILE = "$(SRCROOT)/WatchSimKit/WatchSimHarness/Rsc/Info.plist";
				LD_RUNPATH_SEARCH_PATHS = "$(inherited) @executable_path/Frameworks";
				PRODUCT_NAME = WatchSim;
			};
			name = Release;
		};
		B54883951A86F32B009F8247 /* Debug */ = {
			isa = XCBuildConfiguration;
			buildSettings = {
				CLANG_ALLOW_NON_MODULAR_INCLUDES_IN_FRAMEWORK_MODULES = YES;
				CODE_SIGN_IDENTITY = "iPhone Developer";
				CURRENT_PROJECT_VERSION = 1;
				DEFINES_MODULE = YES;
				DYLIB_COMPATIBILITY_VERSION = 1;
				DYLIB_CURRENT_VERSION = 1;
				DYLIB_INSTALL_NAME_BASE = "@rpath";
				GCC_PREPROCESSOR_DEFINITIONS = (
					"DEBUG=1",
					"$(inherited)",
				);
				INFOPLIST_FILE = WatchSimKit/Info.plist;
				INSTALL_PATH = "$(LOCAL_LIBRARY_DIR)/Frameworks";
				LD_RUNPATH_SEARCH_PATHS = "$(inherited) @executable_path/Frameworks @loader_path/Frameworks";
				ONLY_ACTIVE_ARCH = NO;
				PRODUCT_NAME = "$(TARGET_NAME)";
				SKIP_INSTALL = YES;
				TARGETED_DEVICE_FAMILY = "1,2";
				VERSIONING_SYSTEM = "apple-generic";
				VERSION_INFO_PREFIX = "";
			};
			name = Debug;
		};
		B54883961A86F32B009F8247 /* Release */ = {
			isa = XCBuildConfiguration;
			buildSettings = {
				CLANG_ALLOW_NON_MODULAR_INCLUDES_IN_FRAMEWORK_MODULES = YES;
				CODE_SIGN_IDENTITY = "iPhone Developer";
				CURRENT_PROJECT_VERSION = 1;
				DEFINES_MODULE = YES;
				DYLIB_COMPATIBILITY_VERSION = 1;
				DYLIB_CURRENT_VERSION = 1;
				DYLIB_INSTALL_NAME_BASE = "@rpath";
				INFOPLIST_FILE = WatchSimKit/Info.plist;
				INSTALL_PATH = "$(LOCAL_LIBRARY_DIR)/Frameworks";
				IPHONEOS_DEPLOYMENT_TARGET = 8.1;
				LD_RUNPATH_SEARCH_PATHS = "$(inherited) @executable_path/Frameworks @loader_path/Frameworks";
				PRODUCT_NAME = "$(TARGET_NAME)";
				SKIP_INSTALL = YES;
				TARGETED_DEVICE_FAMILY = "1,2";
				VERSIONING_SYSTEM = "apple-generic";
				VERSION_INFO_PREFIX = "";
			};
			name = Release;
		};
		B54883D61A87D4AB009F8247 /* Debug */ = {
			isa = XCBuildConfiguration;
			buildSettings = {
				PRODUCT_NAME = "$(TARGET_NAME)";
			};
			name = Debug;
		};
		B54883D71A87D4AB009F8247 /* Release */ = {
			isa = XCBuildConfiguration;
			buildSettings = {
				PRODUCT_NAME = "$(TARGET_NAME)";
			};
			name = Release;
		};
		B5F116141A9197B1004BB268 /* Debug */ = {
			isa = XCBuildConfiguration;
			buildSettings = {
				CODE_SIGN_IDENTITY = "iPhone Developer";
				EMBEDDED_CONTENT_CONTAINS_SWIFT = YES;
				GCC_PREPROCESSOR_DEFINITIONS = (
					"DEBUG=1",
					"$(inherited)",
				);
				INFOPLIST_FILE = "WatchSim WatchKit Extension/Info.plist";
				IPHONEOS_DEPLOYMENT_TARGET = 8.2;
				LD_RUNPATH_SEARCH_PATHS = "$(inherited) @executable_path/Frameworks @executable_path/../../Frameworks";
				PRODUCT_NAME = "${TARGET_NAME}";
				SKIP_INSTALL = YES;
			};
			name = Debug;
		};
		B5F116151A9197B1004BB268 /* Release */ = {
			isa = XCBuildConfiguration;
			buildSettings = {
				CODE_SIGN_IDENTITY = "iPhone Distribution";
				EMBEDDED_CONTENT_CONTAINS_SWIFT = YES;
				INFOPLIST_FILE = "WatchSim WatchKit Extension/Info.plist";
				LD_RUNPATH_SEARCH_PATHS = "$(inherited) @executable_path/Frameworks @executable_path/../../Frameworks";
				PRODUCT_NAME = "${TARGET_NAME}";
				SKIP_INSTALL = YES;
			};
			name = Release;
		};
		B5F116161A9197B1004BB268 /* Debug */ = {
			isa = XCBuildConfiguration;
			buildSettings = {
				ASSETCATALOG_COMPILER_APPICON_NAME = AppIcon;
				GCC_PREPROCESSOR_DEFINITIONS = (
					"DEBUG=1",
					"$(inherited)",
				);
				IBSC_MODULE = WatchSim_WatchKit_Extension;
				INFOPLIST_FILE = "WatchSim WatchKit App/Info.plist";
				IPHONEOS_DEPLOYMENT_TARGET = 8.2;
				PRODUCT_NAME = "$(TARGET_NAME)";
				SKIP_INSTALL = YES;
				TARGETED_DEVICE_FAMILY = 4;
				"TARGETED_DEVICE_FAMILY[sdk=iphonesimulator*]" = "1,4";
			};
			name = Debug;
		};
		B5F116171A9197B1004BB268 /* Release */ = {
			isa = XCBuildConfiguration;
			buildSettings = {
				ASSETCATALOG_COMPILER_APPICON_NAME = AppIcon;
				IBSC_MODULE = WatchSim_WatchKit_Extension;
				INFOPLIST_FILE = "WatchSim WatchKit App/Info.plist";
				PRODUCT_NAME = "$(TARGET_NAME)";
				SKIP_INSTALL = YES;
				TARGETED_DEVICE_FAMILY = 4;
				"TARGETED_DEVICE_FAMILY[sdk=iphonesimulator*]" = "1,4";
			};
			name = Release;
		};
/* End XCBuildConfiguration section */

/* Begin XCConfigurationList section */
		B548831C1A86E792009F8247 /* Build configuration list for PBXProject "WatchSim" */ = {
			isa = XCConfigurationList;
			buildConfigurations = (
				B54883421A86E792009F8247 /* Debug */,
				B54883431A86E792009F8247 /* Release */,
			);
			defaultConfigurationIsVisible = 0;
			defaultConfigurationName = Release;
		};
		B54883441A86E792009F8247 /* Build configuration list for PBXNativeTarget "WatchSimHarness" */ = {
			isa = XCConfigurationList;
			buildConfigurations = (
				B54883451A86E792009F8247 /* Debug */,
				B54883461A86E792009F8247 /* Release */,
			);
			defaultConfigurationIsVisible = 0;
			defaultConfigurationName = Release;
		};
		B54883941A86F32B009F8247 /* Build configuration list for PBXNativeTarget "WatchSimKit" */ = {
			isa = XCConfigurationList;
			buildConfigurations = (
				B54883951A86F32B009F8247 /* Debug */,
				B54883961A86F32B009F8247 /* Release */,
			);
			defaultConfigurationIsVisible = 0;
			defaultConfigurationName = Release;
		};
		B54883D51A87D4AB009F8247 /* Build configuration list for PBXAggregateTarget "Build Combined Framework" */ = {
			isa = XCConfigurationList;
			buildConfigurations = (
				B54883D61A87D4AB009F8247 /* Debug */,
				B54883D71A87D4AB009F8247 /* Release */,
			);
			defaultConfigurationIsVisible = 0;
			defaultConfigurationName = Release;
		};
		B5F116181A9197B1004BB268 /* Build configuration list for PBXNativeTarget "WatchSim WatchKit App" */ = {
			isa = XCConfigurationList;
			buildConfigurations = (
				B5F116161A9197B1004BB268 /* Debug */,
				B5F116171A9197B1004BB268 /* Release */,
			);
			defaultConfigurationIsVisible = 0;
			defaultConfigurationName = Release;
		};
		B5F116191A9197B1004BB268 /* Build configuration list for PBXNativeTarget "WatchSim WatchKit Extension" */ = {
			isa = XCConfigurationList;
			buildConfigurations = (
				B5F116141A9197B1004BB268 /* Debug */,
				B5F116151A9197B1004BB268 /* Release */,
			);
			defaultConfigurationIsVisible = 0;
			defaultConfigurationName = Release;
		};
/* End XCConfigurationList section */
	};
	rootObject = B54883191A86E792009F8247 /* Project object */;
}
